// !$*UTF8*$!
{
	archiveVersion = 1;
	classes = {
	};
	objectVersion = 55;
	objects = {

/* Begin PBXBuildFile section */
		2944A44329E838AC0016509E /* AppDelegate.swift in Sources */ = {isa = PBXBuildFile; fileRef = 2944A44229E838AC0016509E /* AppDelegate.swift */; };
		2944A44529E838AC0016509E /* SceneDelegate.swift in Sources */ = {isa = PBXBuildFile; fileRef = 2944A44429E838AC0016509E /* SceneDelegate.swift */; };
		2944A44729E838AC0016509E /* ViewController.swift in Sources */ = {isa = PBXBuildFile; fileRef = 2944A44629E838AC0016509E /* ViewController.swift */; };
		2944A44A29E838AC0016509E /* Main.storyboard in Resources */ = {isa = PBXBuildFile; fileRef = 2944A44829E838AC0016509E /* Main.storyboard */; };
		2944A44C29E838B00016509E /* Assets.xcassets in Resources */ = {isa = PBXBuildFile; fileRef = 2944A44B29E838B00016509E /* Assets.xcassets */; };
		2944A44F29E838B00016509E /* LaunchScreen.storyboard in Resources */ = {isa = PBXBuildFile; fileRef = 2944A44D29E838B00016509E /* LaunchScreen.storyboard */; };
		2944A45A29E838B10016509E /* TableViewDemoTests.swift in Sources */ = {isa = PBXBuildFile; fileRef = 2944A45929E838B10016509E /* TableViewDemoTests.swift */; };
		2944A46429E838B10016509E /* TableViewDemoUITests.swift in Sources */ = {isa = PBXBuildFile; fileRef = 2944A46329E838B10016509E /* TableViewDemoUITests.swift */; };
		2944A46629E838B10016509E /* TableViewDemoUITestsLaunchTests.swift in Sources */ = {isa = PBXBuildFile; fileRef = 2944A46529E838B10016509E /* TableViewDemoUITestsLaunchTests.swift */; };
		2944A47329E839C50016509E /* ResultViewController.swift in Sources */ = {isa = PBXBuildFile; fileRef = 2944A47229E839C50016509E /* ResultViewController.swift */; };
/* End PBXBuildFile section */

/* Begin PBXContainerItemProxy section */
		2944A45629E838B10016509E /* PBXContainerItemProxy */ = {
			isa = PBXContainerItemProxy;
			containerPortal = 2944A43729E838AC0016509E /* Project object */;
			proxyType = 1;
			remoteGlobalIDString = 2944A43E29E838AC0016509E;
			remoteInfo = TableViewDemo;
		};
		2944A46029E838B10016509E /* PBXContainerItemProxy */ = {
			isa = PBXContainerItemProxy;
			containerPortal = 2944A43729E838AC0016509E /* Project object */;
			proxyType = 1;
			remoteGlobalIDString = 2944A43E29E838AC0016509E;
			remoteInfo = TableViewDemo;
		};
/* End PBXContainerItemProxy section */

/* Begin PBXFileReference section */
		2944A43F29E838AC0016509E /* TableViewDemo.app */ = {isa = PBXFileReference; explicitFileType = wrapper.application; includeInIndex = 0; path = TableViewDemo.app; sourceTree = BUILT_PRODUCTS_DIR; };
		2944A44229E838AC0016509E /* AppDelegate.swift */ = {isa = PBXFileReference; lastKnownFileType = sourcecode.swift; path = AppDelegate.swift; sourceTree = "<group>"; };
		2944A44429E838AC0016509E /* SceneDelegate.swift */ = {isa = PBXFileReference; lastKnownFileType = sourcecode.swift; path = SceneDelegate.swift; sourceTree = "<group>"; };
		2944A44629E838AC0016509E /* ViewController.swift */ = {isa = PBXFileReference; lastKnownFileType = sourcecode.swift; path = ViewController.swift; sourceTree = "<group>"; };
		2944A44929E838AC0016509E /* Base */ = {isa = PBXFileReference; lastKnownFileType = file.storyboard; name = Base; path = Base.lproj/Main.storyboard; sourceTree = "<group>"; };
		2944A44B29E838B00016509E /* Assets.xcassets */ = {isa = PBXFileReference; lastKnownFileType = folder.assetcatalog; path = Assets.xcassets; sourceTree = "<group>"; };
		2944A44E29E838B00016509E /* Base */ = {isa = PBXFileReference; lastKnownFileType = file.storyboard; name = Base; path = Base.lproj/LaunchScreen.storyboard; sourceTree = "<group>"; };
		2944A45029E838B00016509E /* Info.plist */ = {isa = PBXFileReference; lastKnownFileType = text.plist.xml; path = Info.plist; sourceTree = "<group>"; };
		2944A45529E838B10016509E /* TableViewDemoTests.xctest */ = {isa = PBXFileReference; explicitFileType = wrapper.cfbundle; includeInIndex = 0; path = TableViewDemoTests.xctest; sourceTree = BUILT_PRODUCTS_DIR; };
		2944A45929E838B10016509E /* TableViewDemoTests.swift */ = {isa = PBXFileReference; lastKnownFileType = sourcecode.swift; path = TableViewDemoTests.swift; sourceTree = "<group>"; };
		2944A45F29E838B10016509E /* TableViewDemoUITests.xctest */ = {isa = PBXFileReference; explicitFileType = wrapper.cfbundle; includeInIndex = 0; path = TableViewDemoUITests.xctest; sourceTree = BUILT_PRODUCTS_DIR; };
		2944A46329E838B10016509E /* TableViewDemoUITests.swift */ = {isa = PBXFileReference; lastKnownFileType = sourcecode.swift; path = TableViewDemoUITests.swift; sourceTree = "<group>"; };
		2944A46529E838B10016509E /* TableViewDemoUITestsLaunchTests.swift */ = {isa = PBXFileReference; lastKnownFileType = sourcecode.swift; path = TableViewDemoUITestsLaunchTests.swift; sourceTree = "<group>"; };
		2944A47229E839C50016509E /* ResultViewController.swift */ = {isa = PBXFileReference; lastKnownFileType = sourcecode.swift; path = ResultViewController.swift; sourceTree = "<group>"; };
/* End PBXFileReference section */

/* Begin PBXFrameworksBuildPhase section */
		2944A43C29E838AC0016509E /* Frameworks */ = {
			isa = PBXFrameworksBuildPhase;
			buildActionMask = 2147483647;
			files = (
			);
			runOnlyForDeploymentPostprocessing = 0;
		};
		2944A45229E838B10016509E /* Frameworks */ = {
			isa = PBXFrameworksBuildPhase;
			buildActionMask = 2147483647;
			files = (
			);
			runOnlyForDeploymentPostprocessing = 0;
		};
		2944A45C29E838B10016509E /* Frameworks */ = {
			isa = PBXFrameworksBuildPhase;
			buildActionMask = 2147483647;
			files = (
			);
			runOnlyForDeploymentPostprocessing = 0;
		};
/* End PBXFrameworksBuildPhase section */

/* Begin PBXGroup section */
		2944A43629E838AC0016509E = {
			isa = PBXGroup;
			children = (
				2944A44129E838AC0016509E /* TableViewDemo */,
				2944A45829E838B10016509E /* TableViewDemoTests */,
				2944A46229E838B10016509E /* TableViewDemoUITests */,
				2944A44029E838AC0016509E /* Products */,
			);
			sourceTree = "<group>";
		};
		2944A44029E838AC0016509E /* Products */ = {
			isa = PBXGroup;
			children = (
				2944A43F29E838AC0016509E /* TableViewDemo.app */,
				2944A45529E838B10016509E /* TableViewDemoTests.xctest */,
				2944A45F29E838B10016509E /* TableViewDemoUITests.xctest */,
			);
			name = Products;
			sourceTree = "<group>";
		};
		2944A44129E838AC0016509E /* TableViewDemo */ = {
			isa = PBXGroup;
			children = (
				2944A44229E838AC0016509E /* AppDelegate.swift */,
				2944A44429E838AC0016509E /* SceneDelegate.swift */,
				2944A44629E838AC0016509E /* ViewController.swift */,
				2944A44829E838AC0016509E /* Main.storyboard */,
				2944A44B29E838B00016509E /* Assets.xcassets */,
				2944A44D29E838B00016509E /* LaunchScreen.storyboard */,
				2944A45029E838B00016509E /* Info.plist */,
				2944A47229E839C50016509E /* ResultViewController.swift */,
			);
			path = TableViewDemo;
			sourceTree = "<group>";
		};
		2944A45829E838B10016509E /* TableViewDemoTests */ = {
			isa = PBXGroup;
			children = (
				2944A45929E838B10016509E /* TableViewDemoTests.swift */,
			);
			path = TableViewDemoTests;
			sourceTree = "<group>";
		};
		2944A46229E838B10016509E /* TableViewDemoUITests */ = {
			isa = PBXGroup;
			children = (
				2944A46329E838B10016509E /* TableViewDemoUITests.swift */,
				2944A46529E838B10016509E /* TableViewDemoUITestsLaunchTests.swift */,
			);
			path = TableViewDemoUITests;
			sourceTree = "<group>";
		};
/* End PBXGroup section */

/* Begin PBXNativeTarget section */
		2944A43E29E838AC0016509E /* TableViewDemo */ = {
			isa = PBXNativeTarget;
			buildConfigurationList = 2944A46929E838B10016509E /* Build configuration list for PBXNativeTarget "TableViewDemo" */;
			buildPhases = (
				2944A43B29E838AC0016509E /* Sources */,
				2944A43C29E838AC0016509E /* Frameworks */,
				2944A43D29E838AC0016509E /* Resources */,
			);
			buildRules = (
			);
			dependencies = (
			);
			name = TableViewDemo;
			productName = TableViewDemo;
			productReference = 2944A43F29E838AC0016509E /* TableViewDemo.app */;
			productType = "com.apple.product-type.application";
		};
		2944A45429E838B10016509E /* TableViewDemoTests */ = {
			isa = PBXNativeTarget;
			buildConfigurationList = 2944A46C29E838B10016509E /* Build configuration list for PBXNativeTarget "TableViewDemoTests" */;
			buildPhases = (
				2944A45129E838B10016509E /* Sources */,
				2944A45229E838B10016509E /* Frameworks */,
				2944A45329E838B10016509E /* Resources */,
			);
			buildRules = (
			);
			dependencies = (
				2944A45729E838B10016509E /* PBXTargetDependency */,
			);
			name = TableViewDemoTests;
			productName = TableViewDemoTests;
			productReference = 2944A45529E838B10016509E /* TableViewDemoTests.xctest */;
			productType = "com.apple.product-type.bundle.unit-test";
		};
		2944A45E29E838B10016509E /* TableViewDemoUITests */ = {
			isa = PBXNativeTarget;
			buildConfigurationList = 2944A46F29E838B10016509E /* Build configuration list for PBXNativeTarget "TableViewDemoUITests" */;
			buildPhases = (
				2944A45B29E838B10016509E /* Sources */,
				2944A45C29E838B10016509E /* Frameworks */,
				2944A45D29E838B10016509E /* Resources */,
			);
			buildRules = (
			);
			dependencies = (
				2944A46129E838B10016509E /* PBXTargetDependency */,
			);
			name = TableViewDemoUITests;
			productName = TableViewDemoUITests;
			productReference = 2944A45F29E838B10016509E /* TableViewDemoUITests.xctest */;
			productType = "com.apple.product-type.bundle.ui-testing";
		};
/* End PBXNativeTarget section */

/* Begin PBXProject section */
		2944A43729E838AC0016509E /* Project object */ = {
			isa = PBXProject;
			attributes = {
				BuildIndependentTargetsInParallel = 1;
				LastSwiftUpdateCheck = 1340;
				LastUpgradeCheck = 1340;
				TargetAttributes = {
					2944A43E29E838AC0016509E = {
						CreatedOnToolsVersion = 13.4.1;
					};
					2944A45429E838B10016509E = {
						CreatedOnToolsVersion = 13.4.1;
						TestTargetID = 2944A43E29E838AC0016509E;
					};
					2944A45E29E838B10016509E = {
						CreatedOnToolsVersion = 13.4.1;
						TestTargetID = 2944A43E29E838AC0016509E;
					};
				};
			};
			buildConfigurationList = 2944A43A29E838AC0016509E /* Build configuration list for PBXProject "TableViewDemo" */;
			compatibilityVersion = "Xcode 13.0";
			developmentRegion = en;
			hasScannedForEncodings = 0;
			knownRegions = (
				en,
				Base,
			);
			mainGroup = 2944A43629E838AC0016509E;
			productRefGroup = 2944A44029E838AC0016509E /* Products */;
			projectDirPath = "";
			projectRoot = "";
			targets = (
				2944A43E29E838AC0016509E /* TableViewDemo */,
				2944A45429E838B10016509E /* TableViewDemoTests */,
				2944A45E29E838B10016509E /* TableViewDemoUITests */,
			);
		};
/* End PBXProject section */

/* Begin PBXResourcesBuildPhase section */
		2944A43D29E838AC0016509E /* Resources */ = {
			isa = PBXResourcesBuildPhase;
			buildActionMask = 2147483647;
			files = (
				2944A44F29E838B00016509E /* LaunchScreen.storyboard in Resources */,
				2944A44C29E838B00016509E /* Assets.xcassets in Resources */,
				2944A44A29E838AC0016509E /* Main.storyboard in Resources */,
			);
			runOnlyForDeploymentPostprocessing = 0;
		};
		2944A45329E838B10016509E /* Resources */ = {
			isa = PBXResourcesBuildPhase;
			buildActionMask = 2147483647;
			files = (
			);
			runOnlyForDeploymentPostprocessing = 0;
		};
		2944A45D29E838B10016509E /* Resources */ = {
			isa = PBXResourcesBuildPhase;
			buildActionMask = 2147483647;
			files = (
			);
			runOnlyForDeploymentPostprocessing = 0;
		};
/* End PBXResourcesBuildPhase section */

/* Begin PBXSourcesBuildPhase section */
		2944A43B29E838AC0016509E /* Sources */ = {
			isa = PBXSourcesBuildPhase;
			buildActionMask = 2147483647;
			files = (
				2944A44729E838AC0016509E /* ViewController.swift in Sources */,
				2944A44329E838AC0016509E /* AppDelegate.swift in Sources */,
				2944A44529E838AC0016509E /* SceneDelegate.swift in Sources */,
				2944A47329E839C50016509E /* ResultViewController.swift in Sources */,
			);
			runOnlyForDeploymentPostprocessing = 0;
		};
		2944A45129E838B10016509E /* Sources */ = {
			isa = PBXSourcesBuildPhase;
			buildActionMask = 2147483647;
			files = (
				2944A45A29E838B10016509E /* TableViewDemoTests.swift in Sources */,
			);
			runOnlyForDeploymentPostprocessing = 0;
		};
		2944A45B29E838B10016509E /* Sources */ = {
			isa = PBXSourcesBuildPhase;
			buildActionMask = 2147483647;
			files = (
				2944A46429E838B10016509E /* TableViewDemoUITests.swift in Sources */,
				2944A46629E838B10016509E /* TableViewDemoUITestsLaunchTests.swift in Sources */,
			);
			runOnlyForDeploymentPostprocessing = 0;
		};
/* End PBXSourcesBuildPhase section */

/* Begin PBXTargetDependency section */
		2944A45729E838B10016509E /* PBXTargetDependency */ = {
			isa = PBXTargetDependency;
			target = 2944A43E29E838AC0016509E /* TableViewDemo */;
			targetProxy = 2944A45629E838B10016509E /* PBXContainerItemProxy */;
		};
		2944A46129E838B10016509E /* PBXTargetDependency */ = {
			isa = PBXTargetDependency;
			target = 2944A43E29E838AC0016509E /* TableViewDemo */;
			targetProxy = 2944A46029E838B10016509E /* PBXContainerItemProxy */;
		};
/* End PBXTargetDependency section */

/* Begin PBXVariantGroup section */
		2944A44829E838AC0016509E /* Main.storyboard */ = {
			isa = PBXVariantGroup;
			children = (
				2944A44929E838AC0016509E /* Base */,
			);
			name = Main.storyboard;
			sourceTree = "<group>";
		};
		2944A44D29E838B00016509E /* LaunchScreen.storyboard */ = {
			isa = PBXVariantGroup;
			children = (
				2944A44E29E838B00016509E /* Base */,
			);
			name = LaunchScreen.storyboard;
			sourceTree = "<group>";
		};
/* End PBXVariantGroup section */

/* Begin XCBuildConfiguration section */
		2944A46729E838B10016509E /* Debug */ = {
			isa = XCBuildConfiguration;
			buildSettings = {
				ALWAYS_SEARCH_USER_PATHS = NO;
				CLANG_ANALYZER_NONNULL = YES;
				CLANG_ANALYZER_NUMBER_OBJECT_CONVERSION = YES_AGGRESSIVE;
				CLANG_CXX_LANGUAGE_STANDARD = "gnu++17";
				CLANG_ENABLE_MODULES = YES;
				CLANG_ENABLE_OBJC_ARC = YES;
				CLANG_ENABLE_OBJC_WEAK = YES;
				CLANG_WARN_BLOCK_CAPTURE_AUTORELEASING = YES;
				CLANG_WARN_BOOL_CONVERSION = YES;
				CLANG_WARN_COMMA = YES;
				CLANG_WARN_CONSTANT_CONVERSION = YES;
				CLANG_WARN_DEPRECATED_OBJC_IMPLEMENTATIONS = YES;
				CLANG_WARN_DIRECT_OBJC_ISA_USAGE = YES_ERROR;
				CLANG_WARN_DOCUMENTATION_COMMENTS = YES;
				CLANG_WARN_EMPTY_BODY = YES;
				CLANG_WARN_ENUM_CONVERSION = YES;
				CLANG_WARN_INFINITE_RECURSION = YES;
				CLANG_WARN_INT_CONVERSION = YES;
				CLANG_WARN_NON_LITERAL_NULL_CONVERSION = YES;
				CLANG_WARN_OBJC_IMPLICIT_RETAIN_SELF = YES;
				CLANG_WARN_OBJC_LITERAL_CONVERSION = YES;
				CLANG_WARN_OBJC_ROOT_CLASS = YES_ERROR;
				CLANG_WARN_QUOTED_INCLUDE_IN_FRAMEWORK_HEADER = YES;
				CLANG_WARN_RANGE_LOOP_ANALYSIS = YES;
				CLANG_WARN_STRICT_PROTOTYPES = YES;
				CLANG_WARN_SUSPICIOUS_MOVE = YES;
				CLANG_WARN_UNGUARDED_AVAILABILITY = YES_AGGRESSIVE;
				CLANG_WARN_UNREACHABLE_CODE = YES;
				CLANG_WARN__DUPLICATE_METHOD_MATCH = YES;
				COPY_PHASE_STRIP = NO;
				DEBUG_INFORMATION_FORMAT = dwarf;
				ENABLE_STRICT_OBJC_MSGSEND = YES;
				ENABLE_TESTABILITY = YES;
				GCC_C_LANGUAGE_STANDARD = gnu11;
				GCC_DYNAMIC_NO_PIC = NO;
				GCC_NO_COMMON_BLOCKS = YES;
				GCC_OPTIMIZATION_LEVEL = 0;
				GCC_PREPROCESSOR_DEFINITIONS = (
					"DEBUG=1",
					"$(inherited)",
				);
				GCC_WARN_64_TO_32_BIT_CONVERSION = YES;
				GCC_WARN_ABOUT_RETURN_TYPE = YES_ERROR;
				GCC_WARN_UNDECLARED_SELECTOR = YES;
				GCC_WARN_UNINITIALIZED_AUTOS = YES_AGGRESSIVE;
				GCC_WARN_UNUSED_FUNCTION = YES;
				GCC_WARN_UNUSED_VARIABLE = YES;
				IPHONEOS_DEPLOYMENT_TARGET = 15.5;
				MTL_ENABLE_DEBUG_INFO = INCLUDE_SOURCE;
				MTL_FAST_MATH = YES;
				ONLY_ACTIVE_ARCH = YES;
				SDKROOT = iphoneos;
				SWIFT_ACTIVE_COMPILATION_CONDITIONS = DEBUG;
				SWIFT_OPTIMIZATION_LEVEL = "-Onone";
			};
			name = Debug;
		};
		2944A46829E838B10016509E /* Release */ = {
			isa = XCBuildConfiguration;
			buildSettings = {
				ALWAYS_SEARCH_USER_PATHS = NO;
				CLANG_ANALYZER_NONNULL = YES;
				CLANG_ANALYZER_NUMBER_OBJECT_CONVERSION = YES_AGGRESSIVE;
				CLANG_CXX_LANGUAGE_STANDARD = "gnu++17";
				CLANG_ENABLE_MODULES = YES;
				CLANG_ENABLE_OBJC_ARC = YES;
				CLANG_ENABLE_OBJC_WEAK = YES;
				CLANG_WARN_BLOCK_CAPTURE_AUTORELEASING = YES;
				CLANG_WARN_BOOL_CONVERSION = YES;
				CLANG_WARN_COMMA = YES;
				CLANG_WARN_CONSTANT_CONVERSION = YES;
				CLANG_WARN_DEPRECATED_OBJC_IMPLEMENTATIONS = YES;
				CLANG_WARN_DIRECT_OBJC_ISA_USAGE = YES_ERROR;
				CLANG_WARN_DOCUMENTATION_COMMENTS = YES;
				CLANG_WARN_EMPTY_BODY = YES;
				CLANG_WARN_ENUM_CONVERSION = YES;
				CLANG_WARN_INFINITE_RECURSION = YES;
				CLANG_WARN_INT_CONVERSION = YES;
				CLANG_WARN_NON_LITERAL_NULL_CONVERSION = YES;
				CLANG_WARN_OBJC_IMPLICIT_RETAIN_SELF = YES;
				CLANG_WARN_OBJC_LITERAL_CONVERSION = YES;
				CLANG_WARN_OBJC_ROOT_CLASS = YES_ERROR;
				CLANG_WARN_QUOTED_INCLUDE_IN_FRAMEWORK_HEADER = YES;
				CLANG_WARN_RANGE_LOOP_ANALYSIS = YES;
				CLANG_WARN_STRICT_PROTOTYPES = YES;
				CLANG_WARN_SUSPICIOUS_MOVE = YES;
				CLANG_WARN_UNGUARDED_AVAILABILITY = YES_AGGRESSIVE;
				CLANG_WARN_UNREACHABLE_CODE = YES;
				CLANG_WARN__DUPLICATE_METHOD_MATCH = YES;
				COPY_PHASE_STRIP = NO;
				DEBUG_INFORMATION_FORMAT = "dwarf-with-dsym";
				ENABLE_NS_ASSERTIONS = NO;
				ENABLE_STRICT_OBJC_MSGSEND = YES;
				GCC_C_LANGUAGE_STANDARD = gnu11;
				GCC_NO_COMMON_BLOCKS = YES;
				GCC_WARN_64_TO_32_BIT_CONVERSION = YES;
				GCC_WARN_ABOUT_RETURN_TYPE = YES_ERROR;
				GCC_WARN_UNDECLARED_SELECTOR = YES;
				GCC_WARN_UNINITIALIZED_AUTOS = YES_AGGRESSIVE;
				GCC_WARN_UNUSED_FUNCTION = YES;
				GCC_WARN_UNUSED_VARIABLE = YES;
				IPHONEOS_DEPLOYMENT_TARGET = 15.5;
				MTL_ENABLE_DEBUG_INFO = NO;
				MTL_FAST_MATH = YES;
				SDKROOT = iphoneos;
				SWIFT_COMPILATION_MODE = wholemodule;
				SWIFT_OPTIMIZATION_LEVEL = "-O";
				VALIDATE_PRODUCT = YES;
			};
			name = Release;
		};
		2944A46A29E838B10016509E /* Debug */ = {
			isa = XCBuildConfiguration;
			buildSettings = {
				ASSETCATALOG_COMPILER_APPICON_NAME = AppIcon;
				ASSETCATALOG_COMPILER_GLOBAL_ACCENT_COLOR_NAME = AccentColor;
				CODE_SIGN_STYLE = Automatic;
				CURRENT_PROJECT_VERSION = 1;
				GENERATE_INFOPLIST_FILE = YES;
				INFOPLIST_FILE = TableViewDemo/Info.plist;
				INFOPLIST_KEY_CFBundleDisplayName = TableViewDemo;
				INFOPLIST_KEY_UIApplicationSupportsIndirectInputEvents = YES;
				INFOPLIST_KEY_UILaunchStoryboardName = LaunchScreen;
				INFOPLIST_KEY_UIMainStoryboardFile = Main;
				INFOPLIST_KEY_UISupportedInterfaceOrientations_iPad = "UIInterfaceOrientationPortrait UIInterfaceOrientationPortraitUpsideDown UIInterfaceOrientationLandscapeLeft UIInterfaceOrientationLandscapeRight";
				INFOPLIST_KEY_UISupportedInterfaceOrientations_iPhone = "UIInterfaceOrientationPortrait UIInterfaceOrientationLandscapeLeft UIInterfaceOrientationLandscapeRight";
				LD_RUNPATH_SEARCH_PATHS = (
					"$(inherited)",
					"@executable_path/Frameworks",
				);
				MARKETING_VERSION = 1.0;
				PRODUCT_BUNDLE_IDENTIFIER = nwmsu.TableViewDemo;
				PRODUCT_NAME = "$(TARGET_NAME)";
				SWIFT_EMIT_LOC_STRINGS = YES;
				SWIFT_VERSION = 5.0;
				TARGETED_DEVICE_FAMILY = "1,2";
			};
			name = Debug;
		};
		2944A46B29E838B10016509E /* Release */ = {
			isa = XCBuildConfiguration;
			buildSettings = {
				ASSETCATALOG_COMPILER_APPICON_NAME = AppIcon;
				ASSETCATALOG_COMPILER_GLOBAL_ACCENT_COLOR_NAME = AccentColor;
				CODE_SIGN_STYLE = Automatic;
				CURRENT_PROJECT_VERSION = 1;
				GENERATE_INFOPLIST_FILE = YES;
				INFOPLIST_FILE = TableViewDemo/Info.plist;
				INFOPLIST_KEY_CFBundleDisplayName = TableViewDemo;
				INFOPLIST_KEY_UIApplicationSupportsIndirectInputEvents = YES;
				INFOPLIST_KEY_UILaunchStoryboardName = LaunchScreen;
				INFOPLIST_KEY_UIMainStoryboardFile = Main;
				INFOPLIST_KEY_UISupportedInterfaceOrientations_iPad = "UIInterfaceOrientationPortrait UIInterfaceOrientationPortraitUpsideDown UIInterfaceOrientationLandscapeLeft UIInterfaceOrientationLandscapeRight";
				INFOPLIST_KEY_UISupportedInterfaceOrientations_iPhone = "UIInterfaceOrientationPortrait UIInterfaceOrientationLandscapeLeft UIInterfaceOrientationLandscapeRight";
				LD_RUNPATH_SEARCH_PATHS = (
					"$(inherited)",
					"@executable_path/Frameworks",
				);
				MARKETING_VERSION = 1.0;
				PRODUCT_BUNDLE_IDENTIFIER = nwmsu.TableViewDemo;
				PRODUCT_NAME = "$(TARGET_NAME)";
				SWIFT_EMIT_LOC_STRINGS = YES;
				SWIFT_VERSION = 5.0;
				TARGETED_DEVICE_FAMILY = "1,2";
			};
			name = Release;
		};
		2944A46D29E838B10016509E /* Debug */ = {
			isa = XCBuildConfiguration;
			buildSettings = {
				ALWAYS_EMBED_SWIFT_STANDARD_LIBRARIES = YES;
				BUNDLE_LOADER = "$(TEST_HOST)";
				CODE_SIGN_STYLE = Automatic;
				CURRENT_PROJECT_VERSION = 1;
				GENERATE_INFOPLIST_FILE = YES;
				IPHONEOS_DEPLOYMENT_TARGET = 15.5;
				MARKETING_VERSION = 1.0;
				PRODUCT_BUNDLE_IDENTIFIER = nwmsu.TableViewDemoTests;
				PRODUCT_NAME = "$(TARGET_NAME)";
				SWIFT_EMIT_LOC_STRINGS = NO;
				SWIFT_VERSION = 5.0;
				TARGETED_DEVICE_FAMILY = "1,2";
				TEST_HOST = "$(BUILT_PRODUCTS_DIR)/TableViewDemo.app/TableViewDemo";
			};
			name = Debug;
		};
		2944A46E29E838B10016509E /* Release */ = {
			isa = XCBuildConfiguration;
			buildSettings = {
				ALWAYS_EMBED_SWIFT_STANDARD_LIBRARIES = YES;
				BUNDLE_LOADER = "$(TEST_HOST)";
				CODE_SIGN_STYLE = Automatic;
				CURRENT_PROJECT_VERSION = 1;
				GENERATE_INFOPLIST_FILE = YES;
				IPHONEOS_DEPLOYMENT_TARGET = 15.5;
				MARKETING_VERSION = 1.0;
				PRODUCT_BUNDLE_IDENTIFIER = nwmsu.TableViewDemoTests;
				PRODUCT_NAME = "$(TARGET_NAME)";
				SWIFT_EMIT_LOC_STRINGS = NO;
				SWIFT_VERSION = 5.0;
				TARGETED_DEVICE_FAMILY = "1,2";
				TEST_HOST = "$(BUILT_PRODUCTS_DIR)/TableViewDemo.app/TableViewDemo";
			};
			name = Release;
		};
		2944A47029E838B10016509E /* Debug */ = {
			isa = XCBuildConfiguration;
			buildSettings = {
				ALWAYS_EMBED_SWIFT_STANDARD_LIBRARIES = YES;
				CODE_SIGN_STYLE = Automatic;
				CURRENT_PROJECT_VERSION = 1;
				GENERATE_INFOPLIST_FILE = YES;
				MARKETING_VERSION = 1.0;
				PRODUCT_BUNDLE_IDENTIFIER = nwmsu.TableViewDemoUITests;
				PRODUCT_NAME = "$(TARGET_NAME)";
				SWIFT_EMIT_LOC_STRINGS = NO;
				SWIFT_VERSION = 5.0;
				TARGETED_DEVICE_FAMILY = "1,2";
				TEST_TARGET_NAME = TableViewDemo;
			};
			name = Debug;
		};
		2944A47129E838B10016509E /* Release */ = {
			isa = XCBuildConfiguration;
			buildSettings = {
				ALWAYS_EMBED_SWIFT_STANDARD_LIBRARIES = YES;
				CODE_SIGN_STYLE = Automatic;
				CURRENT_PROJECT_VERSION = 1;
				GENERATE_INFOPLIST_FILE = YES;
				MARKETING_VERSION = 1.0;
				PRODUCT_BUNDLE_IDENTIFIER = nwmsu.TableViewDemoUITests;
				PRODUCT_NAME = "$(TARGET_NAME)";
				SWIFT_EMIT_LOC_STRINGS = NO;
				SWIFT_VERSION = 5.0;
				TARGETED_DEVICE_FAMILY = "1,2";
				TEST_TARGET_NAME = TableViewDemo;
			};
			name = Release;
		};
/* End XCBuildConfiguration section */

/* Begin XCConfigurationList section */
		2944A43A29E838AC0016509E /* Build configuration list for PBXProject "TableViewDemo" */ = {
			isa = XCConfigurationList;
			buildConfigurations = (
				2944A46729E838B10016509E /* Debug */,
				2944A46829E838B10016509E /* Release */,
			);
			defaultConfigurationIsVisible = 0;
			defaultConfigurationName = Release;
		};
		2944A46929E838B10016509E /* Build configuration list for PBXNativeTarget "TableViewDemo" */ = {
			isa = XCConfigurationList;
			buildConfigurations = (
				2944A46A29E838B10016509E /* Debug */,
				2944A46B29E838B10016509E /* Release */,
			);
			defaultConfigurationIsVisible = 0;
			defaultConfigurationName = Release;
		};
		2944A46C29E838B10016509E /* Build configuration list for PBXNativeTarget "TableViewDemoTests" */ = {
			isa = XCConfigurationList;
			buildConfigurations = (
				2944A46D29E838B10016509E /* Debug */,
				2944A46E29E838B10016509E /* Release */,
			);
			defaultConfigurationIsVisible = 0;
			defaultConfigurationName = Release;
		};
		2944A46F29E838B10016509E /* Build configuration list for PBXNativeTarget "TableViewDemoUITests" */ = {
			isa = XCConfigurationList;
			buildConfigurations = (
				2944A47029E838B10016509E /* Debug */,
				2944A47129E838B10016509E /* Release */,
			);
			defaultConfigurationIsVisible = 0;
			defaultConfigurationName = Release;
		};
/* End XCConfigurationList section */
	};
	rootObject = 2944A43729E838AC0016509E /* Project object */;
}
